# THIS IS AN AUTOGENERATED FILE. DO NOT EDIT THIS FILE DIRECTLY.
# yarn lockfile v1


escape-html@^1.0.3:
  version "1.0.3"
  resolved "https://registry.yarnpkg.com/escape-html/-/escape-html-1.0.3.tgz#0258eae4d3d0c0974de1c169188ef0051d1d1988"
  integrity sha512-NiSupZ4OeuGwr68lGIeym/ksIZMJodUGOSCZ/FSnTxcrekbvqrgdUxlJOMpijaKZVjAJrWrGs/6Jy8OMuyj9ow==

interweave@^13.0.0:
  version "13.0.0"
  resolved "https://registry.yarnpkg.com/interweave/-/interweave-13.0.0.tgz#68fdaa6bde65cf296ba74829bb3746d2a5455a2b"
  integrity sha512-Mckwj+ix/VtrZu1bRBIIohwrsXj12ZTvJCoYUMZlJmgtvIaQCj0i77eSZ63ckbA1TsPrz2VOvLW9/kTgm5d+mw==
  dependencies:
    escape-html "^1.0.3"
